
Microsoft Visual Studio Solution File, Format Version 12.00
# Visual Studio Version 17
VisualStudioVersion = 17.4.33213.308
MinimumVisualStudioVersion = 10.0.40219.1
Project("{FAE04EC0-301F-11D3-BF4B-00C04F79EFBC}") = "UWP_Multiplatform", "UWP_Multiplatform\UWP_Multiplatform.csproj", "{8CFA2D75-4FC8-4E5F-B7BC-CDFAB32BFB86}"
EndProject
Global
	GlobalSection(SolutionConfigurationPlatforms) = preSolution
		Debug|Any CPU = Debug|Any CPU
		Release|Any CPU = Release|Any CPU
	EndGlobalSection
	GlobalSection(ProjectConfigurationPlatforms) = postSolution
		{8CFA2D75-4FC8-4E5F-B7BC-CDFAB32BFB86}.Debug|Any CPU.ActiveCfg = Debug|Any CPU
		{8CFA2D75-4FC8-4E5F-B7BC-CDFAB32BFB86}.Debug|Any CPU.Build.0 = Debug|Any CPU
		{8CFA2D75-4FC8-4E5F-B7BC-CDFAB32BFB86}.Release|Any CPU.ActiveCfg = Release|Any CPU
		{8CFA2D75-4FC8-4E5F-B7BC-CDFAB32BFB86}.Release|Any CPU.Build.0 = Release|Any CPU
	EndGlobalSection
	GlobalSection(SolutionProperties) = preSolution
		HideSolutionNode = FALSE
	EndGlobalSection
	GlobalSection(ExtensibilityGlobals) = postSolution
		SolutionGuid = {261EF4F9-339D-40BF-B50C-649C80B81089}
	EndGlobalSection
EndGlobal
